
Microsoft Visual Studio Solution File, Format Version 12.00
# Visual Studio Version 17
VisualStudioVersion = 17.3.32922.545
MinimumVisualStudioVersion = 10.0.40219.1
Project("{9A19103F-16F7-4668-BE54-9A1E7A4F7556}") = "BeerDatabase", "BeerDatabase\BeerDatabase.csproj", "{62477718-2E8F-4352-8E00-93883054B5A7}"
EndProject
Global
	GlobalSection(SolutionConfigurationPlatforms) = preSolution
		Debug|Any CPU = Debug|Any CPU
		Release|Any CPU = Release|Any CPU
	EndGlobalSection
	GlobalSection(ProjectConfigurationPlatforms) = postSolution
		{62477718-2E8F-4352-8E00-93883054B5A7}.Debug|Any CPU.ActiveCfg = Debug|Any CPU
		{62477718-2E8F-4352-8E00-93883054B5A7}.Debug|Any CPU.Build.0 = Debug|Any CPU
		{62477718-2E8F-4352-8E00-93883054B5A7}.Release|Any CPU.ActiveCfg = Release|Any CPU
		{62477718-2E8F-4352-8E00-93883054B5A7}.Release|Any CPU.Build.0 = Release|Any CPU
	EndGlobalSection
	GlobalSection(SolutionProperties) = preSolution
		HideSolutionNode = FALSE
	EndGlobalSection
	GlobalSection(ExtensibilityGlobals) = postSolution
		SolutionGuid = {72064A01-AA21-489A-BA4C-32F06589A3B2}
	EndGlobalSection
EndGlobal
